
Microsoft Visual Studio Solution File, Format Version 12.00
# Visual Studio Version 17
VisualStudioVersion = 17.6.33712.159
MinimumVisualStudioVersion = 10.0.40219.1
Project("{FAE04EC0-301F-11D3-BF4B-00C04F79EFBC}") = "BooleanLogic", "BooleanLogic\BooleanLogic.csproj", "{991DA9C3-B4FA-4DC2-B42A-945B334EE88A}"
EndProject
Global
	GlobalSection(SolutionConfigurationPlatforms) = preSolution
		Debug|Any CPU = Debug|Any CPU
		Release|Any CPU = Release|Any CPU
	EndGlobalSection
	GlobalSection(ProjectConfigurationPlatforms) = postSolution
		{991DA9C3-B4FA-4DC2-B42A-945B334EE88A}.Debug|Any CPU.ActiveCfg = Debug|Any CPU
		{991DA9C3-B4FA-4DC2-B42A-945B334EE88A}.Debug|Any CPU.Build.0 = Debug|Any CPU
		{991DA9C3-B4FA-4DC2-B42A-945B334EE88A}.Release|Any CPU.ActiveCfg = Release|Any CPU
		{991DA9C3-B4FA-4DC2-B42A-945B334EE88A}.Release|Any CPU.Build.0 = Release|Any CPU
	EndGlobalSection
	GlobalSection(SolutionProperties) = preSolution
		HideSolutionNode = FALSE
	EndGlobalSection
	GlobalSection(ExtensibilityGlobals) = postSolution
		SolutionGuid = {CC579079-0380-45A9-A1C5-E392032B76F9}
	EndGlobalSection
EndGlobal
